
Microsoft Visual Studio Solution File, Format Version 12.00
# Visual Studio Version 16
VisualStudioVersion = 16.0.32106.194
MinimumVisualStudioVersion = 10.0.40219.1
Project("{FAE04EC0-301F-11D3-BF4B-00C04F79EFBC}") = "Web", "Web\Web.csproj", "{00A37B24-66F9-4D6F-AFFE-E79566AABD40}"
EndProject
Project("{FAE04EC0-301F-11D3-BF4B-00C04F79EFBC}") = "Core", "Core\Core.csproj", "{756C5E3F-5271-42E1-B0BA-21CA09A632A3}"
EndProject
Project("{FAE04EC0-301F-11D3-BF4B-00C04F79EFBC}") = "Infrastructure", "Infrastructure\Infrastructure.csproj", "{4086CB46-6EAC-4090-9AF2-84B85A73FF9B}"
EndProject
Global
	GlobalSection(SolutionConfigurationPlatforms) = preSolution
		Debug|Any CPU = Debug|Any CPU
		Release|Any CPU = Release|Any CPU
	EndGlobalSection
	GlobalSection(ProjectConfigurationPlatforms) = postSolution
		{00A37B24-66F9-4D6F-AFFE-E79566AABD40}.Debug|Any CPU.ActiveCfg = Debug|Any CPU
		{00A37B24-66F9-4D6F-AFFE-E79566AABD40}.Debug|Any CPU.Build.0 = Debug|Any CPU
		{00A37B24-66F9-4D6F-AFFE-E79566AABD40}.Release|Any CPU.ActiveCfg = Release|Any CPU
		{00A37B24-66F9-4D6F-AFFE-E79566AABD40}.Release|Any CPU.Build.0 = Release|Any CPU
		{756C5E3F-5271-42E1-B0BA-21CA09A632A3}.Debug|Any CPU.ActiveCfg = Debug|Any CPU
		{756C5E3F-5271-42E1-B0BA-21CA09A632A3}.Debug|Any CPU.Build.0 = Debug|Any CPU
		{756C5E3F-5271-42E1-B0BA-21CA09A632A3}.Release|Any CPU.ActiveCfg = Release|Any CPU
		{756C5E3F-5271-42E1-B0BA-21CA09A632A3}.Release|Any CPU.Build.0 = Release|Any CPU
		{4086CB46-6EAC-4090-9AF2-84B85A73FF9B}.Debug|Any CPU.ActiveCfg = Debug|Any CPU
		{4086CB46-6EAC-4090-9AF2-84B85A73FF9B}.Debug|Any CPU.Build.0 = Debug|Any CPU
		{4086CB46-6EAC-4090-9AF2-84B85A73FF9B}.Release|Any CPU.ActiveCfg = Release|Any CPU
		{4086CB46-6EAC-4090-9AF2-84B85A73FF9B}.Release|Any CPU.Build.0 = Release|Any CPU
	EndGlobalSection
	GlobalSection(SolutionProperties) = preSolution
		HideSolutionNode = FALSE
	EndGlobalSection
	GlobalSection(ExtensibilityGlobals) = postSolution
		SolutionGuid = {0BC5E798-AF71-4AA9-9558-60066CD99694}
	EndGlobalSection
EndGlobal
